
Microsoft Visual Studio Solution File, Format Version 12.00
# Visual Studio Version 17
VisualStudioVersion = 17.5.33516.290
MinimumVisualStudioVersion = 10.0.40219.1
Project("{9A19103F-16F7-4668-BE54-9A1E7A4F7556}") = "Language", "Language\Language.csproj", "{253C82A0-8D91-4DCB-A022-1CFC94E0A233}"
EndProject
Project("{9A19103F-16F7-4668-BE54-9A1E7A4F7556}") = "OOP", "OOP\OOP.csproj", "{62C6CB8A-0328-4A5B-A13E-FAB783580E72}"
EndProject
Project("{9A19103F-16F7-4668-BE54-9A1E7A4F7556}") = "DelegateEvent", "DelegateEvent\DelegateEvent.csproj", "{2552FD23-9168-473C-9DC7-FB9ABB1D467E}"
EndProject
Project("{9A19103F-16F7-4668-BE54-9A1E7A4F7556}") = "WinFormsApp", "WinFormsApp\WinFormsApp.csproj", "{DAB1108D-51B0-4AE8-9B97-10020F754C80}"
EndProject
Project("{9A19103F-16F7-4668-BE54-9A1E7A4F7556}") = "WebAppMVC", "WebAppMVC\WebAppMVC.csproj", "{E8B35825-F1D9-4BC2-8C23-5685A4FC3470}"
EndProject
Project("{9A19103F-16F7-4668-BE54-9A1E7A4F7556}") = "EventDemo", "EventDemo\EventDemo.csproj", "{54321E58-74FE-42F4-AC97-E77A2F0A5EF7}"
EndProject
Project("{9A19103F-16F7-4668-BE54-9A1E7A4F7556}") = "Assignment1", "Assignment1\Assignment1.csproj", "{81A71017-E994-4703-9D45-DE5D22337FD3}"
EndProject
Project("{9A19103F-16F7-4668-BE54-9A1E7A4F7556}") = "AS2", "AS2\AS2.csproj", "{F5C45605-D797-4CE0-B887-6F9A3FC3E063}"
EndProject
Project("{9A19103F-16F7-4668-BE54-9A1E7A4F7556}") = "WinForms_ADO", "WinForms_ADO\WinForms_ADO.csproj", "{7A842520-46E0-495A-B59E-E5ABD9F23AD6}"
EndProject
Project("{9A19103F-16F7-4668-BE54-9A1E7A4F7556}") = "pt2", "pt2\pt2.csproj", "{7290F48B-4227-4750-B763-7585B6BD4B0E}"
EndProject
Project("{9A19103F-16F7-4668-BE54-9A1E7A4F7556}") = "WinForms_EF", "WinForms_EF\WinForms_EF.csproj", "{C269AD8C-3861-4357-8158-E85E18F478B7}"
EndProject
Project("{9A19103F-16F7-4668-BE54-9A1E7A4F7556}") = "EFPrac2", "EFPrac2\EFPrac2.csproj", "{FF0FEC46-A485-4BD8-B9C6-C1A45A58439E}"
EndProject
Project("{9A19103F-16F7-4668-BE54-9A1E7A4F7556}") = "WebMVC_EF", "WebMVC_EF\WebMVC_EF.csproj", "{1C9BAAAC-9BF9-4BA9-A938-743D291572ED}"
EndProject
Global
	GlobalSection(SolutionConfigurationPlatforms) = preSolution
		Debug|Any CPU = Debug|Any CPU
		Release|Any CPU = Release|Any CPU
	EndGlobalSection
	GlobalSection(ProjectConfigurationPlatforms) = postSolution
		{253C82A0-8D91-4DCB-A022-1CFC94E0A233}.Debug|Any CPU.ActiveCfg = Debug|Any CPU
		{253C82A0-8D91-4DCB-A022-1CFC94E0A233}.Debug|Any CPU.Build.0 = Debug|Any CPU
		{253C82A0-8D91-4DCB-A022-1CFC94E0A233}.Release|Any CPU.ActiveCfg = Release|Any CPU
		{253C82A0-8D91-4DCB-A022-1CFC94E0A233}.Release|Any CPU.Build.0 = Release|Any CPU
		{62C6CB8A-0328-4A5B-A13E-FAB783580E72}.Debug|Any CPU.ActiveCfg = Debug|Any CPU
		{62C6CB8A-0328-4A5B-A13E-FAB783580E72}.Debug|Any CPU.Build.0 = Debug|Any CPU
		{62C6CB8A-0328-4A5B-A13E-FAB783580E72}.Release|Any CPU.ActiveCfg = Release|Any CPU
		{62C6CB8A-0328-4A5B-A13E-FAB783580E72}.Release|Any CPU.Build.0 = Release|Any CPU
		{2552FD23-9168-473C-9DC7-FB9ABB1D467E}.Debug|Any CPU.ActiveCfg = Debug|Any CPU
		{2552FD23-9168-473C-9DC7-FB9ABB1D467E}.Debug|Any CPU.Build.0 = Debug|Any CPU
		{2552FD23-9168-473C-9DC7-FB9ABB1D467E}.Release|Any CPU.ActiveCfg = Release|Any CPU
		{2552FD23-9168-473C-9DC7-FB9ABB1D467E}.Release|Any CPU.Build.0 = Release|Any CPU
		{DAB1108D-51B0-4AE8-9B97-10020F754C80}.Debug|Any CPU.ActiveCfg = Debug|Any CPU
		{DAB1108D-51B0-4AE8-9B97-10020F754C80}.Debug|Any CPU.Build.0 = Debug|Any CPU
		{DAB1108D-51B0-4AE8-9B97-10020F754C80}.Release|Any CPU.ActiveCfg = Release|Any CPU
		{DAB1108D-51B0-4AE8-9B97-10020F754C80}.Release|Any CPU.Build.0 = Release|Any CPU
		{E8B35825-F1D9-4BC2-8C23-5685A4FC3470}.Debug|Any CPU.ActiveCfg = Debug|Any CPU
		{E8B35825-F1D9-4BC2-8C23-5685A4FC3470}.Debug|Any CPU.Build.0 = Debug|Any CPU
		{E8B35825-F1D9-4BC2-8C23-5685A4FC3470}.Release|Any CPU.ActiveCfg = Release|Any CPU
		{E8B35825-F1D9-4BC2-8C23-5685A4FC3470}.Release|Any CPU.Build.0 = Release|Any CPU
		{54321E58-74FE-42F4-AC97-E77A2F0A5EF7}.Debug|Any CPU.ActiveCfg = Debug|Any CPU
		{54321E58-74FE-42F4-AC97-E77A2F0A5EF7}.Debug|Any CPU.Build.0 = Debug|Any CPU
		{54321E58-74FE-42F4-AC97-E77A2F0A5EF7}.Release|Any CPU.ActiveCfg = Release|Any CPU
		{54321E58-74FE-42F4-AC97-E77A2F0A5EF7}.Release|Any CPU.Build.0 = Release|Any CPU
		{81A71017-E994-4703-9D45-DE5D22337FD3}.Debug|Any CPU.ActiveCfg = Debug|Any CPU
		{81A71017-E994-4703-9D45-DE5D22337FD3}.Debug|Any CPU.Build.0 = Debug|Any CPU
		{81A71017-E994-4703-9D45-DE5D22337FD3}.Release|Any CPU.ActiveCfg = Release|Any CPU
		{81A71017-E994-4703-9D45-DE5D22337FD3}.Release|Any CPU.Build.0 = Release|Any CPU
		{F5C45605-D797-4CE0-B887-6F9A3FC3E063}.Debug|Any CPU.ActiveCfg = Debug|Any CPU
		{F5C45605-D797-4CE0-B887-6F9A3FC3E063}.Debug|Any CPU.Build.0 = Debug|Any CPU
		{F5C45605-D797-4CE0-B887-6F9A3FC3E063}.Release|Any CPU.ActiveCfg = Release|Any CPU
		{F5C45605-D797-4CE0-B887-6F9A3FC3E063}.Release|Any CPU.Build.0 = Release|Any CPU
		{7A842520-46E0-495A-B59E-E5ABD9F23AD6}.Debug|Any CPU.ActiveCfg = Debug|Any CPU
		{7A842520-46E0-495A-B59E-E5ABD9F23AD6}.Debug|Any CPU.Build.0 = Debug|Any CPU
		{7A842520-46E0-495A-B59E-E5ABD9F23AD6}.Release|Any CPU.ActiveCfg = Release|Any CPU
		{7A842520-46E0-495A-B59E-E5ABD9F23AD6}.Release|Any CPU.Build.0 = Release|Any CPU
		{7290F48B-4227-4750-B763-7585B6BD4B0E}.Debug|Any CPU.ActiveCfg = Debug|Any CPU
		{7290F48B-4227-4750-B763-7585B6BD4B0E}.Debug|Any CPU.Build.0 = Debug|Any CPU
		{7290F48B-4227-4750-B763-7585B6BD4B0E}.Release|Any CPU.ActiveCfg = Release|Any CPU
		{7290F48B-4227-4750-B763-7585B6BD4B0E}.Release|Any CPU.Build.0 = Release|Any CPU
		{C269AD8C-3861-4357-8158-E85E18F478B7}.Debug|Any CPU.ActiveCfg = Debug|Any CPU
		{C269AD8C-3861-4357-8158-E85E18F478B7}.Debug|Any CPU.Build.0 = Debug|Any CPU
		{C269AD8C-3861-4357-8158-E85E18F478B7}.Release|Any CPU.ActiveCfg = Release|Any CPU
		{C269AD8C-3861-4357-8158-E85E18F478B7}.Release|Any CPU.Build.0 = Release|Any CPU
		{FF0FEC46-A485-4BD8-B9C6-C1A45A58439E}.Debug|Any CPU.ActiveCfg = Debug|Any CPU
		{FF0FEC46-A485-4BD8-B9C6-C1A45A58439E}.Debug|Any CPU.Build.0 = Debug|Any CPU
		{FF0FEC46-A485-4BD8-B9C6-C1A45A58439E}.Release|Any CPU.ActiveCfg = Release|Any CPU
		{FF0FEC46-A485-4BD8-B9C6-C1A45A58439E}.Release|Any CPU.Build.0 = Release|Any CPU
		{1C9BAAAC-9BF9-4BA9-A938-743D291572ED}.Debug|Any CPU.ActiveCfg = Debug|Any CPU
		{1C9BAAAC-9BF9-4BA9-A938-743D291572ED}.Debug|Any CPU.Build.0 = Debug|Any CPU
		{1C9BAAAC-9BF9-4BA9-A938-743D291572ED}.Release|Any CPU.ActiveCfg = Release|Any CPU
		{1C9BAAAC-9BF9-4BA9-A938-743D291572ED}.Release|Any CPU.Build.0 = Release|Any CPU
	EndGlobalSection
	GlobalSection(SolutionProperties) = preSolution
		HideSolutionNode = FALSE
	EndGlobalSection
	GlobalSection(ExtensibilityGlobals) = postSolution
		SolutionGuid = {8D5B60C1-EDE3-4D65-ADB6-AA7CFC59B0CA}
	EndGlobalSection
EndGlobal
